{
  "nodes": {
    "nixpkgs": {
      "locked": {
        "lastModified": 1714076141,
        "narHash": "sha256-Drmja/f5MRHZCskS6mvzFqxEaZMeciScCTFxWVLqWEY=",
        "owner": "nixos",
        "repo": "nixpkgs",
        "rev": "7bb2ccd8cdc44c91edba16c48d2c8f331fb3d856",
        "type": "github"
      },
      "original": {
        "owner": "nixos",
        "ref": "nixos-unstable",
        "repo": "nixpkgs",
        "type": "github"
      }
    },
    "pixi-source": {
      "flake": false,
      "locked": {
        "lastModified": 1718205766,
        "narHash": "sha256-24sahgBaWlbbOfaqyMJiow3S1KwMsgo0hYu7Z5WpMlE=",
        "owner": "prefix-dev",
        "repo": "pixi",
        "rev": "234472ae4ee80ef12f659cfc85f247f78974f293",
        "type": "github"
      },
      "original": {
        "owner": "prefix-dev",
        "ref": "v0.24.1",
        "repo": "pixi",
        "type": "github"
      }
    },
    "root": {
      "inputs": {
        "nixpkgs": "nixpkgs",
        "pixi-source": "pixi-source"
      }
    }
  },
  "root": "root",
  "version": 7
}
