{
  "nodes": {
    "nixpkgs": {
      "locked": {
        "lastModified": 1714076141,
        "narHash": "sha256-Drmja/f5MRHZCskS6mvzFqxEaZMeciScCTFxWVLqWEY=",
        "owner": "nixos",
        "repo": "nixpkgs",
        "rev": "7bb2ccd8cdc44c91edba16c48d2c8f331fb3d856",
        "type": "github"
      },
      "original": {
        "owner": "nixos",
        "ref": "nixos-unstable",
        "repo": "nixpkgs",
        "type": "github"
      }
    },
    "pixi-source": {
      "flake": false,
      "locked": {
        "lastModified": 1723023748,
        "narHash": "sha256-m1qlDxZBEDUMNV+gRX2bbEdvBRp4lJv7C2ZZlEUA5Dg=",
        "owner": "prefix-dev",
        "repo": "pixi",
        "rev": "608a65d977b9d87bae71c747f77989ad01c76ada",
        "type": "github"
      },
      "original": {
        "owner": "prefix-dev",
        "ref": "v0.27.0",
        "repo": "pixi",
        "type": "github"
      }
    },
    "root": {
      "inputs": {
        "nixpkgs": "nixpkgs",
        "pixi-source": "pixi-source"
      }
    }
  },
  "root": "root",
  "version": 7
}
